
Microsoft Visual Studio Solution File, Format Version 12.00
# Visual Studio 15
VisualStudioVersion = 15.0.27004.2009
MinimumVisualStudioVersion = 10.0.40219.1
Project("{FAE04EC0-301F-11D3-BF4B-00C04F79EFBC}") = "Pivotal_WebApp", "Pivotal_WebApp\Pivotal_WebApp.csproj", "{AEF91AF7-3A29-470E-9240-FE73A0680B95}"
EndProject
Global
	GlobalSection(SolutionConfigurationPlatforms) = preSolution
		Debug|Any CPU = Debug|Any CPU
		Release|Any CPU = Release|Any CPU
	EndGlobalSection
	GlobalSection(ProjectConfigurationPlatforms) = postSolution
		{AEF91AF7-3A29-470E-9240-FE73A0680B95}.Debug|Any CPU.ActiveCfg = Debug|Any CPU
		{AEF91AF7-3A29-470E-9240-FE73A0680B95}.Debug|Any CPU.Build.0 = Debug|Any CPU
		{AEF91AF7-3A29-470E-9240-FE73A0680B95}.Release|Any CPU.ActiveCfg = Release|Any CPU
		{AEF91AF7-3A29-470E-9240-FE73A0680B95}.Release|Any CPU.Build.0 = Release|Any CPU
	EndGlobalSection
	GlobalSection(SolutionProperties) = preSolution
		HideSolutionNode = FALSE
	EndGlobalSection
	GlobalSection(ExtensibilityGlobals) = postSolution
		SolutionGuid = {F9DB1A61-56AB-42E8-86D1-B91B83B68F4F}
	EndGlobalSection
EndGlobal
